{
  "name": "quartz",
  "version": "1.0.0",
  "lockfileVersion": 1,
  "requires": true,
  "dependencies": {
    "@angular/core": {
      "version": "5.1.2",
      "resolved": "https://registry.npmjs.org/@angular/core/-/core-5.1.2.tgz",
      "integrity": "sha512-nHQWvhdxg7RbhRcfV5EhWURUZBqtcBFajXTBYA2rVHPhm0lGqEUi38VW0ddO8MpPGz0pK2PNpgR3GwXp/egaNw==",
      "requires": {
        "tslib": "1.8.1"
      }
    },
    "@types/node": {
      "version": "8.5.2",
      "resolved": "https://registry.npmjs.org/@types/node/-/node-8.5.2.tgz",
      "integrity": "sha512-KA4GKOpgXnrqEH2eCVhiv2CsxgXGQJgV1X0vsGlh+WCnxbeAE1GT44ZsTU1IN5dEeV/gDupKa7gWo08V5IxWVQ==",
      "dev": true
    },
    "async-array-buffer": {
      "version": "1.1.14",
      "resolved": "https://registry.npmjs.org/async-array-buffer/-/async-array-buffer-1.1.14.tgz",
      "integrity": "sha512-kHDIsM7slrFZdTBht+4lcHLtPaw5G9agGveDzf1eaR8nVxvMalqdHNRb/IAcZ1OxnX5ye7iED6jh21z2XDrL/g==",
      "requires": {
        "async-array-buffer-broker": "1.2.10",
        "async-array-buffer-worker": "2.1.7",
        "babel-runtime": "6.26.0",
        "tslib": "1.8.1"
      }
    },
    "async-array-buffer-broker": {
      "version": "1.2.10",
      "resolved": "https://registry.npmjs.org/async-array-buffer-broker/-/async-array-buffer-broker-1.2.10.tgz",
      "integrity": "sha512-tcZeoOHNFaoyjXv45kL+0klLkrC3/AuaUkQnpok2pMuLHDIBdFSg9W1U3weQD8EmruyJW+hg1TdJXmzaWNFAIw==",
      "requires": {
        "async-array-buffer-worker": "2.1.7",
        "babel-runtime": "6.26.0",
        "fast-unique-numbers": "1.1.2",
        "tslib": "1.8.1"
      }
    },
    "async-array-buffer-worker": {
      "version": "2.1.7",
      "resolved": "https://registry.npmjs.org/async-array-buffer-worker/-/async-array-buffer-worker-2.1.7.tgz",
      "integrity": "sha512-s4ElG1oWI7VUc4+pefX3SLEF5N+dpVbAUssFL2dZgcVUwcZpp1OVq0w1zngIOhfl4XaCNXoQHmSs3HiKzEN8Lw==",
      "requires": {
        "babel-runtime": "6.26.0",
        "tslib": "1.8.1"
      }
    },
    "audio-context-timers": {
      "version": "2.1.12",
      "resolved": "https://registry.npmjs.org/audio-context-timers/-/audio-context-timers-2.1.12.tgz",
      "integrity": "sha512-zSHxkCcBfAh3J5MpcgF0sxqrsV5TOvDvcWCMs+RBXjYHFmf0IVy1vqGoCO1CnXLXyLcfcIRZuAFnGk4TWfiS8Q==",
      "requires": {
        "babel-runtime": "6.26.0",
        "fast-unique-numbers": "1.1.2",
        "standardized-audio-context": "11.0.1",
        "tslib": "1.8.1"
      }
    },
    "babel-runtime": {
      "version": "6.26.0",
      "resolved": "https://registry.npmjs.org/babel-runtime/-/babel-runtime-6.26.0.tgz",
      "integrity": "sha1-llxwWGaOgrVde/4E/yM3vItWR/4=",
      "requires": {
        "core-js": "2.5.3",
        "regenerator-runtime": "0.11.1"
      }
    },
    "core-js": {
      "version": "2.5.3",
      "resolved": "https://registry.npmjs.org/core-js/-/core-js-2.5.3.tgz",
      "integrity": "sha1-isw4NFgk8W2DZbfJtCWRaOjtYD4="
    },
    "fast-unique-numbers": {
      "version": "1.1.2",
      "resolved": "https://registry.npmjs.org/fast-unique-numbers/-/fast-unique-numbers-1.1.2.tgz",
      "integrity": "sha512-Ux9SMr+dsW8WgM2dWG+JKLKOM4pRNPtgqMvTyNn4WEzySgUIfBJpXXXZ5EZEj8tD2841hH/1o6x217aGa2103w==",
      "requires": {
        "babel-runtime": "6.26.0",
        "tslib": "1.8.1"
      }
    },
    "performance-now": {
      "version": "2.1.0",
      "resolved": "https://registry.npmjs.org/performance-now/-/performance-now-2.1.0.tgz",
      "integrity": "sha1-Ywn04OX6kT7BxpMHrjZLSzd8nns="
    },
    "raf": {
      "version": "3.4.0",
      "resolved": "https://registry.npmjs.org/raf/-/raf-3.4.0.tgz",
      "integrity": "sha512-pDP/NMRAXoTfrhCfyfSEwJAKLaxBU9eApMeBPB1TkDouZmvPerIClV8lTAd+uF8ZiTaVl69e1FCxQrAd/VTjGw==",
      "requires": {
        "performance-now": "2.1.0"
      }
    },
    "regenerator-runtime": {
      "version": "0.11.1",
      "resolved": "https://registry.npmjs.org/regenerator-runtime/-/regenerator-runtime-0.11.1.tgz",
      "integrity": "sha512-MguG95oij0fC3QV3URf4V2SDYGJhJnJGqvIIgdECeODCT98wSWDAJ94SSuVpYQUoTcGUIL6L4yNB7j1DFFHSBg=="
    },
    "rxjs": {
      "version": "5.5.6",
      "resolved": "https://registry.npmjs.org/rxjs/-/rxjs-5.5.6.tgz",
      "integrity": "sha512-v4Q5HDC0FHAQ7zcBX7T2IL6O5ltl1a2GX4ENjPXg6SjDY69Cmx9v4113C99a4wGF16ClPv5Z8mghuYorVkg/kg==",
      "requires": {
        "symbol-observable": "1.0.1"
      }
    },
    "standardized-audio-context": {
      "version": "11.0.1",
      "resolved": "https://registry.npmjs.org/standardized-audio-context/-/standardized-audio-context-11.0.1.tgz",
      "integrity": "sha512-VWaDQrqJpdBB+vVsNsO49lWPsj4fFb0rgeOeMuenNyNrNFhc5U5D8Vn+PMnuxe4pfkrVvn8tzKMI/13ljiczjg==",
      "requires": {
        "@angular/core": "5.1.2",
        "async-array-buffer": "1.1.14",
        "babel-runtime": "6.26.0",
        "rxjs": "5.5.6",
        "tslib": "1.8.1",
        "zone.js": "0.8.19"
      }
    },
    "symbol-observable": {
      "version": "1.0.1",
      "resolved": "https://registry.npmjs.org/symbol-observable/-/symbol-observable-1.0.1.tgz",
      "integrity": "sha1-g0D8RwLDEi310iKI+IKD9RPT/dQ="
    },
    "tslib": {
      "version": "1.8.1",
      "resolved": "https://registry.npmjs.org/tslib/-/tslib-1.8.1.tgz",
      "integrity": "sha1-aUavLR1lGnsYY7Ux1uWvpBqkTqw="
    },
    "web-audio-scheduler": {
      "version": "1.4.0",
      "resolved": "https://registry.npmjs.org/web-audio-scheduler/-/web-audio-scheduler-1.4.0.tgz",
      "integrity": "sha1-9LAnuoqMpkoHLtOsJ9GBaKCN7lo="
    },
    "worker-timers": {
      "version": "4.0.20",
      "resolved": "https://registry.npmjs.org/worker-timers/-/worker-timers-4.0.20.tgz",
      "integrity": "sha512-z0u6h/gxEl4tg+nieLmiH9VFZGalrcA5wE5mp54mc4kCqqhzFnU5w4vwY4q7rO/hvCHDoXeniOLEroL00+s7VA==",
      "requires": {
        "babel-runtime": "6.26.0",
        "tslib": "1.8.1",
        "worker-timers-broker": "4.0.10",
        "worker-timers-worker": "4.0.8"
      }
    },
    "worker-timers-broker": {
      "version": "4.0.10",
      "resolved": "https://registry.npmjs.org/worker-timers-broker/-/worker-timers-broker-4.0.10.tgz",
      "integrity": "sha512-K6JGgLQuoPTGAmmdcyrqkhXAZimhMlqNexIaLnl0zPUBOsZ8v2Wzs64kJ8Cywl07woEGlsWKOIaFHURMw+Nq7A==",
      "requires": {
        "babel-runtime": "6.26.0",
        "fast-unique-numbers": "1.1.2",
        "tslib": "1.8.1",
        "worker-timers-worker": "4.0.8"
      }
    },
    "worker-timers-worker": {
      "version": "4.0.8",
      "resolved": "https://registry.npmjs.org/worker-timers-worker/-/worker-timers-worker-4.0.8.tgz",
      "integrity": "sha512-qqNcPIQdLcQc4z2kVIm716dziOYgI/lygDFDoMAd3bRexVanLn66GbowVohX1L90RKT7u6OuzWB4yQ3hqw00bQ==",
      "requires": {
        "babel-runtime": "6.26.0",
        "tslib": "1.8.1"
      }
    },
    "zone.js": {
      "version": "0.8.19",
      "resolved": "https://registry.npmjs.org/zone.js/-/zone.js-0.8.19.tgz",
      "integrity": "sha512-l9rofaOs6a4y1W8zt4pDmnCUCnYG377dG+5SZlXNWrTWYUuXFqcJZiOarhYiRVR0NI9sH/8ooPJiz4uprB/Mkg=="
    }
  }
}
